Microsoft Visual Studio Solution File, Format Version 12.00
# Visual Studio Version 17
VisualStudioVersion = 17.5.2.0
MinimumVisualStudioVersion = 10.0.40219.1
Project("{FAE04EC0-301F-11D3-BF4B-00C04F79EFBC}") = "BookSale.Managerment.Ui", "BookSale.Managerment.Ui.csproj", "{F0B58B64-6D23-6B77-389D-8915F6C53B63}"
EndProject
Global
	GlobalSection(SolutionConfigurationPlatforms) = preSolution
		Debug|Any CPU = Debug|Any CPU
		Release|Any CPU = Release|Any CPU
	EndGlobalSection
	GlobalSection(ProjectConfigurationPlatforms) = postSolution
		{F0B58B64-6D23-6B77-389D-8915F6C53B63}.Debug|Any CPU.ActiveCfg = Debug|Any CPU
		{F0B58B64-6D23-6B77-389D-8915F6C53B63}.Debug|Any CPU.Build.0 = Debug|Any CPU
		{F0B58B64-6D23-6B77-389D-8915F6C53B63}.Release|Any CPU.ActiveCfg = Release|Any CPU
		{F0B58B64-6D23-6B77-389D-8915F6C53B63}.Release|Any CPU.Build.0 = Release|Any CPU
	EndGlobalSection
	GlobalSection(SolutionProperties) = preSolution
		HideSolutionNode = FALSE
	EndGlobalSection
	GlobalSection(ExtensibilityGlobals) = postSolution
		SolutionGuid = {364FB07C-2A12-4464-A58E-30D1D98D1973}
	EndGlobalSection
EndGlobal
